
Microsoft Visual Studio Solution File, Format Version 12.00
# Visual Studio 15
VisualStudioVersion = 15.0.28307.1267
MinimumVisualStudioVersion = 10.0.40219.1
Project("{FAE04EC0-301F-11D3-BF4B-00C04F79EFBC}") = "EvidencijaPotrosnjeIVremenskihParametara", "EvidencijaPotrosnjeIVremenskihParametara\EvidencijaPotrosnjeIVremenskihParametara.csproj", "{1F7F2DF6-867F-45F9-ABBC-0B6D40655EF1}"
EndProject
Global
	GlobalSection(SolutionConfigurationPlatforms) = preSolution
		Debug|Any CPU = Debug|Any CPU
		Release|Any CPU = Release|Any CPU
	EndGlobalSection
	GlobalSection(ProjectConfigurationPlatforms) = postSolution
		{1F7F2DF6-867F-45F9-ABBC-0B6D40655EF1}.Debug|Any CPU.ActiveCfg = Debug|Any CPU
		{1F7F2DF6-867F-45F9-ABBC-0B6D40655EF1}.Debug|Any CPU.Build.0 = Debug|Any CPU
		{1F7F2DF6-867F-45F9-ABBC-0B6D40655EF1}.Release|Any CPU.ActiveCfg = Release|Any CPU
		{1F7F2DF6-867F-45F9-ABBC-0B6D40655EF1}.Release|Any CPU.Build.0 = Release|Any CPU
	EndGlobalSection
	GlobalSection(SolutionProperties) = preSolution
		HideSolutionNode = FALSE
	EndGlobalSection
	GlobalSection(ExtensibilityGlobals) = postSolution
		SolutionGuid = {5739BD2C-8745-4492-91A9-06862FE4895B}
	EndGlobalSection
EndGlobal
