
Microsoft Visual Studio Solution File, Format Version 12.00
# Visual Studio 15
VisualStudioVersion = 15.0.28307.1267
MinimumVisualStudioVersion = 10.0.40219.1
Project("{FAE04EC0-301F-11D3-BF4B-00C04F79EFBC}") = "UI", "WpfProjekat\UI.csproj", "{B79560CD-BC94-451F-A822-010171176537}"
EndProject
Global
	GlobalSection(SolutionConfigurationPlatforms) = preSolution
		Debug|Any CPU = Debug|Any CPU
		Release|Any CPU = Release|Any CPU
	EndGlobalSection
	GlobalSection(ProjectConfigurationPlatforms) = postSolution
		{B79560CD-BC94-451F-A822-010171176537}.Debug|Any CPU.ActiveCfg = Debug|Any CPU
		{B79560CD-BC94-451F-A822-010171176537}.Debug|Any CPU.Build.0 = Debug|Any CPU
		{B79560CD-BC94-451F-A822-010171176537}.Release|Any CPU.ActiveCfg = Release|Any CPU
		{B79560CD-BC94-451F-A822-010171176537}.Release|Any CPU.Build.0 = Release|Any CPU
	EndGlobalSection
	GlobalSection(SolutionProperties) = preSolution
		HideSolutionNode = FALSE
	EndGlobalSection
	GlobalSection(ExtensibilityGlobals) = postSolution
		SolutionGuid = {66640C50-A85E-467D-82DF-C3C026F4E298}
	EndGlobalSection
EndGlobal
